// !$*UTF8*$!
{
	archiveVersion = 1;
	classes = {
	};
	objectVersion = 46;
	objects = {

/* Begin PBXBuildFile section */
		802C9D330FC2D2FDD445C21C /* Pods_IPCanary.framework in Frameworks */ = {isa = PBXBuildFile; fileRef = 0E1D30D1AB87DCFFE0C61DC0 /* Pods_IPCanary.framework */; };
		B2A7369FDA84F7E42D61FE68 /* Pods_IPCanaryTests.framework in Frameworks */ = {isa = PBXBuildFile; fileRef = AD364F069EA564CEA300BEC1 /* Pods_IPCanaryTests.framework */; };
		B6F81BA6C6968D89F0EFA54B /* Pods_IPCanaryUITests.framework in Frameworks */ = {isa = PBXBuildFile; fileRef = 7EDF47A40F680B03031CCD6C /* Pods_IPCanaryUITests.framework */; };
		D378FA411E02EF0A00E81AE1 /* AppDelegate.swift in Sources */ = {isa = PBXBuildFile; fileRef = D378FA401E02EF0A00E81AE1 /* AppDelegate.swift */; };
		D378FA431E02EF0A00E81AE1 /* MainViewController.swift in Sources */ = {isa = PBXBuildFile; fileRef = D378FA421E02EF0A00E81AE1 /* MainViewController.swift */; };
		D378FA481E02EF0A00E81AE1 /* Assets.xcassets in Resources */ = {isa = PBXBuildFile; fileRef = D378FA471E02EF0A00E81AE1 /* Assets.xcassets */; };
		D378FA4B1E02EF0A00E81AE1 /* LaunchScreen.storyboard in Resources */ = {isa = PBXBuildFile; fileRef = D378FA491E02EF0A00E81AE1 /* LaunchScreen.storyboard */; };
		D378FA561E02EF0A00E81AE1 /* IPCanaryTests.swift in Sources */ = {isa = PBXBuildFile; fileRef = D378FA551E02EF0A00E81AE1 /* IPCanaryTests.swift */; };
		D378FA611E02EF0A00E81AE1 /* IPCanaryUITests.swift in Sources */ = {isa = PBXBuildFile; fileRef = D378FA601E02EF0A00E81AE1 /* IPCanaryUITests.swift */; };
		D378FA6F1E0390D400E81AE1 /* MainViewModel.swift in Sources */ = {isa = PBXBuildFile; fileRef = D378FA6E1E0390D400E81AE1 /* MainViewModel.swift */; };
		D378FA781E03B96600E81AE1 /* MainViewController.xib in Resources */ = {isa = PBXBuildFile; fileRef = D378FA771E03B96600E81AE1 /* MainViewController.xib */; };
		D378FA7A1E04448000E81AE1 /* NetworkManager.swift in Sources */ = {isa = PBXBuildFile; fileRef = D378FA791E04448000E81AE1 /* NetworkManager.swift */; };
/* End PBXBuildFile section */

/* Begin PBXContainerItemProxy section */
		D378FA521E02EF0A00E81AE1 /* PBXContainerItemProxy */ = {
			isa = PBXContainerItemProxy;
			containerPortal = D378FA351E02EF0A00E81AE1 /* Project object */;
			proxyType = 1;
			remoteGlobalIDString = D378FA3C1E02EF0A00E81AE1;
			remoteInfo = IPCanary;
		};
		D378FA5D1E02EF0A00E81AE1 /* PBXContainerItemProxy */ = {
			isa = PBXContainerItemProxy;
			containerPortal = D378FA351E02EF0A00E81AE1 /* Project object */;
			proxyType = 1;
			remoteGlobalIDString = D378FA3C1E02EF0A00E81AE1;
			remoteInfo = IPCanary;
		};
/* End PBXContainerItemProxy section */

/* Begin PBXFileReference section */
		0DAAA4706B075CEC458351D3 /* Pods-IPCanaryTests.release.xcconfig */ = {isa = PBXFileReference; includeInIndex = 1; lastKnownFileType = text.xcconfig; name = "Pods-IPCanaryTests.release.xcconfig"; path = "Pods/Target Support Files/Pods-IPCanaryTests/Pods-IPCanaryTests.release.xcconfig"; sourceTree = "<group>"; };
		0E1D30D1AB87DCFFE0C61DC0 /* Pods_IPCanary.framework */ = {isa = PBXFileReference; explicitFileType = wrapper.framework; includeInIndex = 0; path = Pods_IPCanary.framework; sourceTree = BUILT_PRODUCTS_DIR; };
		3D7BFF027F51B4E801B28AEE /* Pods-IPCanaryTests.debug.xcconfig */ = {isa = PBXFileReference; includeInIndex = 1; lastKnownFileType = text.xcconfig; name = "Pods-IPCanaryTests.debug.xcconfig"; path = "Pods/Target Support Files/Pods-IPCanaryTests/Pods-IPCanaryTests.debug.xcconfig"; sourceTree = "<group>"; };
		7B69E078CF90251DA8277DF7 /* Pods-IPCanary.debug.xcconfig */ = {isa = PBXFileReference; includeInIndex = 1; lastKnownFileType = text.xcconfig; name = "Pods-IPCanary.debug.xcconfig"; path = "Pods/Target Support Files/Pods-IPCanary/Pods-IPCanary.debug.xcconfig"; sourceTree = "<group>"; };
		7EDF47A40F680B03031CCD6C /* Pods_IPCanaryUITests.framework */ = {isa = PBXFileReference; explicitFileType = wrapper.framework; includeInIndex = 0; path = Pods_IPCanaryUITests.framework; sourceTree = BUILT_PRODUCTS_DIR; };
		7FEF1E7F51BF5385E7890345 /* Pods-IPCanary.release.xcconfig */ = {isa = PBXFileReference; includeInIndex = 1; lastKnownFileType = text.xcconfig; name = "Pods-IPCanary.release.xcconfig"; path = "Pods/Target Support Files/Pods-IPCanary/Pods-IPCanary.release.xcconfig"; sourceTree = "<group>"; };
		A077B7DDA0BE77EE150BD65B /* Pods-IPCanaryUITests.debug.xcconfig */ = {isa = PBXFileReference; includeInIndex = 1; lastKnownFileType = text.xcconfig; name = "Pods-IPCanaryUITests.debug.xcconfig"; path = "Pods/Target Support Files/Pods-IPCanaryUITests/Pods-IPCanaryUITests.debug.xcconfig"; sourceTree = "<group>"; };
		AD364F069EA564CEA300BEC1 /* Pods_IPCanaryTests.framework */ = {isa = PBXFileReference; explicitFileType = wrapper.framework; includeInIndex = 0; path = Pods_IPCanaryTests.framework; sourceTree = BUILT_PRODUCTS_DIR; };
		D378FA3D1E02EF0A00E81AE1 /* IPCanary.app */ = {isa = PBXFileReference; explicitFileType = wrapper.application; includeInIndex = 0; path = IPCanary.app; sourceTree = BUILT_PRODUCTS_DIR; };
		D378FA401E02EF0A00E81AE1 /* AppDelegate.swift */ = {isa = PBXFileReference; lastKnownFileType = sourcecode.swift; path = AppDelegate.swift; sourceTree = "<group>"; };
		D378FA421E02EF0A00E81AE1 /* MainViewController.swift */ = {isa = PBXFileReference; lastKnownFileType = sourcecode.swift; path = MainViewController.swift; sourceTree = "<group>"; };
		D378FA471E02EF0A00E81AE1 /* Assets.xcassets */ = {isa = PBXFileReference; lastKnownFileType = folder.assetcatalog; path = Assets.xcassets; sourceTree = "<group>"; };
		D378FA4A1E02EF0A00E81AE1 /* Base */ = {isa = PBXFileReference; lastKnownFileType = file.storyboard; name = Base; path = Base.lproj/LaunchScreen.storyboard; sourceTree = "<group>"; };
		D378FA4C1E02EF0A00E81AE1 /* Info.plist */ = {isa = PBXFileReference; lastKnownFileType = text.plist.xml; path = Info.plist; sourceTree = "<group>"; };
		D378FA511E02EF0A00E81AE1 /* IPCanaryTests.xctest */ = {isa = PBXFileReference; explicitFileType = wrapper.cfbundle; includeInIndex = 0; path = IPCanaryTests.xctest; sourceTree = BUILT_PRODUCTS_DIR; };
		D378FA551E02EF0A00E81AE1 /* IPCanaryTests.swift */ = {isa = PBXFileReference; lastKnownFileType = sourcecode.swift; path = IPCanaryTests.swift; sourceTree = "<group>"; };
		D378FA571E02EF0A00E81AE1 /* Info.plist */ = {isa = PBXFileReference; lastKnownFileType = text.plist.xml; path = Info.plist; sourceTree = "<group>"; };
		D378FA5C1E02EF0A00E81AE1 /* IPCanaryUITests.xctest */ = {isa = PBXFileReference; explicitFileType = wrapper.cfbundle; includeInIndex = 0; path = IPCanaryUITests.xctest; sourceTree = BUILT_PRODUCTS_DIR; };
		D378FA601E02EF0A00E81AE1 /* IPCanaryUITests.swift */ = {isa = PBXFileReference; lastKnownFileType = sourcecode.swift; path = IPCanaryUITests.swift; sourceTree = "<group>"; };
		D378FA621E02EF0A00E81AE1 /* Info.plist */ = {isa = PBXFileReference; lastKnownFileType = text.plist.xml; path = Info.plist; sourceTree = "<group>"; };
		D378FA6E1E0390D400E81AE1 /* MainViewModel.swift */ = {isa = PBXFileReference; fileEncoding = 4; lastKnownFileType = sourcecode.swift; path = MainViewModel.swift; sourceTree = "<group>"; };
		D378FA771E03B96600E81AE1 /* MainViewController.xib */ = {isa = PBXFileReference; fileEncoding = 4; lastKnownFileType = file.xib; path = MainViewController.xib; sourceTree = "<group>"; };
		D378FA791E04448000E81AE1 /* NetworkManager.swift */ = {isa = PBXFileReference; fileEncoding = 4; lastKnownFileType = sourcecode.swift; path = NetworkManager.swift; sourceTree = "<group>"; };
		FFF0C2FB40F6FAB7FF0A813D /* Pods-IPCanaryUITests.release.xcconfig */ = {isa = PBXFileReference; includeInIndex = 1; lastKnownFileType = text.xcconfig; name = "Pods-IPCanaryUITests.release.xcconfig"; path = "Pods/Target Support Files/Pods-IPCanaryUITests/Pods-IPCanaryUITests.release.xcconfig"; sourceTree = "<group>"; };
/* End PBXFileReference section */

/* Begin PBXFrameworksBuildPhase section */
		D378FA3A1E02EF0A00E81AE1 /* Frameworks */ = {
			isa = PBXFrameworksBuildPhase;
			buildActionMask = 2147483647;
			files = (
				802C9D330FC2D2FDD445C21C /* Pods_IPCanary.framework in Frameworks */,
			);
			runOnlyForDeploymentPostprocessing = 0;
		};
		D378FA4E1E02EF0A00E81AE1 /* Frameworks */ = {
			isa = PBXFrameworksBuildPhase;
			buildActionMask = 2147483647;
			files = (
				B2A7369FDA84F7E42D61FE68 /* Pods_IPCanaryTests.framework in Frameworks */,
			);
			runOnlyForDeploymentPostprocessing = 0;
		};
		D378FA591E02EF0A00E81AE1 /* Frameworks */ = {
			isa = PBXFrameworksBuildPhase;
			buildActionMask = 2147483647;
			files = (
				B6F81BA6C6968D89F0EFA54B /* Pods_IPCanaryUITests.framework in Frameworks */,
			);
			runOnlyForDeploymentPostprocessing = 0;
		};
/* End PBXFrameworksBuildPhase section */

/* Begin PBXGroup section */
		1172AC3BA5C13AD8963F02ED /* Pods */ = {
			isa = PBXGroup;
			children = (
				7B69E078CF90251DA8277DF7 /* Pods-IPCanary.debug.xcconfig */,
				7FEF1E7F51BF5385E7890345 /* Pods-IPCanary.release.xcconfig */,
				3D7BFF027F51B4E801B28AEE /* Pods-IPCanaryTests.debug.xcconfig */,
				0DAAA4706B075CEC458351D3 /* Pods-IPCanaryTests.release.xcconfig */,
				A077B7DDA0BE77EE150BD65B /* Pods-IPCanaryUITests.debug.xcconfig */,
				FFF0C2FB40F6FAB7FF0A813D /* Pods-IPCanaryUITests.release.xcconfig */,
			);
			name = Pods;
			sourceTree = "<group>";
		};
		38787041EE3A5D7C2A3ABEBA /* Frameworks */ = {
			isa = PBXGroup;
			children = (
				0E1D30D1AB87DCFFE0C61DC0 /* Pods_IPCanary.framework */,
				AD364F069EA564CEA300BEC1 /* Pods_IPCanaryTests.framework */,
				7EDF47A40F680B03031CCD6C /* Pods_IPCanaryUITests.framework */,
			);
			name = Frameworks;
			sourceTree = "<group>";
		};
		D378FA341E02EF0A00E81AE1 = {
			isa = PBXGroup;
			children = (
				D378FA3F1E02EF0A00E81AE1 /* IPCanary */,
				D378FA541E02EF0A00E81AE1 /* IPCanaryTests */,
				D378FA5F1E02EF0A00E81AE1 /* IPCanaryUITests */,
				D378FA3E1E02EF0A00E81AE1 /* Products */,
				1172AC3BA5C13AD8963F02ED /* Pods */,
				38787041EE3A5D7C2A3ABEBA /* Frameworks */,
			);
			sourceTree = "<group>";
		};
		D378FA3E1E02EF0A00E81AE1 /* Products */ = {
			isa = PBXGroup;
			children = (
				D378FA3D1E02EF0A00E81AE1 /* IPCanary.app */,
				D378FA511E02EF0A00E81AE1 /* IPCanaryTests.xctest */,
				D378FA5C1E02EF0A00E81AE1 /* IPCanaryUITests.xctest */,
			);
			name = Products;
			sourceTree = "<group>";
		};
		D378FA3F1E02EF0A00E81AE1 /* IPCanary */ = {
			isa = PBXGroup;
			children = (
				D378FA401E02EF0A00E81AE1 /* AppDelegate.swift */,
				D378FA791E04448000E81AE1 /* NetworkManager.swift */,
				D378FA6E1E0390D400E81AE1 /* MainViewModel.swift */,
				D378FA421E02EF0A00E81AE1 /* MainViewController.swift */,
				D378FA771E03B96600E81AE1 /* MainViewController.xib */,
				D378FA471E02EF0A00E81AE1 /* Assets.xcassets */,
				D378FA491E02EF0A00E81AE1 /* LaunchScreen.storyboard */,
				D378FA4C1E02EF0A00E81AE1 /* Info.plist */,
			);
			path = IPCanary;
			sourceTree = "<group>";
		};
		D378FA541E02EF0A00E81AE1 /* IPCanaryTests */ = {
			isa = PBXGroup;
			children = (
				D378FA551E02EF0A00E81AE1 /* IPCanaryTests.swift */,
				D378FA571E02EF0A00E81AE1 /* Info.plist */,
			);
			path = IPCanaryTests;
			sourceTree = "<group>";
		};
		D378FA5F1E02EF0A00E81AE1 /* IPCanaryUITests */ = {
			isa = PBXGroup;
			children = (
				D378FA601E02EF0A00E81AE1 /* IPCanaryUITests.swift */,
				D378FA621E02EF0A00E81AE1 /* Info.plist */,
			);
			path = IPCanaryUITests;
			sourceTree = "<group>";
		};
/* End PBXGroup section */

/* Begin PBXNativeTarget section */
		D378FA3C1E02EF0A00E81AE1 /* IPCanary */ = {
			isa = PBXNativeTarget;
			buildConfigurationList = D378FA651E02EF0A00E81AE1 /* Build configuration list for PBXNativeTarget "IPCanary" */;
			buildPhases = (
				062E854DE733B0E3AE139E9D /* [CP] Check Pods Manifest.lock */,
				D378FA391E02EF0A00E81AE1 /* Sources */,
				D378FA3A1E02EF0A00E81AE1 /* Frameworks */,
				D378FA3B1E02EF0A00E81AE1 /* Resources */,
				201888BCFF8DF01E97042707 /* [CP] Embed Pods Frameworks */,
				ADFB77D5E7CD602256AE3AFE /* [CP] Copy Pods Resources */,
			);
			buildRules = (
			);
			dependencies = (
			);
			name = IPCanary;
			productName = IPCanary;
			productReference = D378FA3D1E02EF0A00E81AE1 /* IPCanary.app */;
			productType = "com.apple.product-type.application";
		};
		D378FA501E02EF0A00E81AE1 /* IPCanaryTests */ = {
			isa = PBXNativeTarget;
			buildConfigurationList = D378FA681E02EF0A00E81AE1 /* Build configuration list for PBXNativeTarget "IPCanaryTests" */;
			buildPhases = (
				35DD2A533731A2A3E8F4874E /* [CP] Check Pods Manifest.lock */,
				D378FA4D1E02EF0A00E81AE1 /* Sources */,
				D378FA4E1E02EF0A00E81AE1 /* Frameworks */,
				D378FA4F1E02EF0A00E81AE1 /* Resources */,
				060FE0AC7892D2293407DD15 /* [CP] Embed Pods Frameworks */,
				7361E01C7CB5179CDB2274BD /* [CP] Copy Pods Resources */,
			);
			buildRules = (
			);
			dependencies = (
				D378FA531E02EF0A00E81AE1 /* PBXTargetDependency */,
			);
			name = IPCanaryTests;
			productName = IPCanaryTests;
			productReference = D378FA511E02EF0A00E81AE1 /* IPCanaryTests.xctest */;
			productType = "com.apple.product-type.bundle.unit-test";
		};
		D378FA5B1E02EF0A00E81AE1 /* IPCanaryUITests */ = {
			isa = PBXNativeTarget;
			buildConfigurationList = D378FA6B1E02EF0A00E81AE1 /* Build configuration list for PBXNativeTarget "IPCanaryUITests" */;
			buildPhases = (
				E4F7D75A6DB470D6AAC08AB3 /* [CP] Check Pods Manifest.lock */,
				D378FA581E02EF0A00E81AE1 /* Sources */,
				D378FA591E02EF0A00E81AE1 /* Frameworks */,
				D378FA5A1E02EF0A00E81AE1 /* Resources */,
				0CF68EBF63A858A31199BD15 /* [CP] Embed Pods Frameworks */,
				6AC32EA74190B2DEA36A01A4 /* [CP] Copy Pods Resources */,
			);
			buildRules = (
			);
			dependencies = (
				D378FA5E1E02EF0A00E81AE1 /* PBXTargetDependency */,
			);
			name = IPCanaryUITests;
			productName = IPCanaryUITests;
			productReference = D378FA5C1E02EF0A00E81AE1 /* IPCanaryUITests.xctest */;
			productType = "com.apple.product-type.bundle.ui-testing";
		};
/* End PBXNativeTarget section */

/* Begin PBXProject section */
		D378FA351E02EF0A00E81AE1 /* Project object */ = {
			isa = PBXProject;
			attributes = {
				LastSwiftUpdateCheck = 0820;
				LastUpgradeCheck = 0820;
				ORGANIZATIONNAME = SBSoftware;
				TargetAttributes = {
					D378FA3C1E02EF0A00E81AE1 = {
						CreatedOnToolsVersion = 8.2;
						DevelopmentTeam = L2KLWCGU85;
						ProvisioningStyle = Automatic;
					};
					D378FA501E02EF0A00E81AE1 = {
						CreatedOnToolsVersion = 8.2;
						DevelopmentTeam = L2KLWCGU85;
						ProvisioningStyle = Automatic;
						TestTargetID = D378FA3C1E02EF0A00E81AE1;
					};
					D378FA5B1E02EF0A00E81AE1 = {
						CreatedOnToolsVersion = 8.2;
						DevelopmentTeam = L2KLWCGU85;
						ProvisioningStyle = Automatic;
						TestTargetID = D378FA3C1E02EF0A00E81AE1;
					};
				};
			};
			buildConfigurationList = D378FA381E02EF0A00E81AE1 /* Build configuration list for PBXProject "IPCanary" */;
			compatibilityVersion = "Xcode 3.2";
			developmentRegion = English;
			hasScannedForEncodings = 0;
			knownRegions = (
				en,
				Base,
			);
			mainGroup = D378FA341E02EF0A00E81AE1;
			productRefGroup = D378FA3E1E02EF0A00E81AE1 /* Products */;
			projectDirPath = "";
			projectRoot = "";
			targets = (
				D378FA3C1E02EF0A00E81AE1 /* IPCanary */,
				D378FA501E02EF0A00E81AE1 /* IPCanaryTests */,
				D378FA5B1E02EF0A00E81AE1 /* IPCanaryUITests */,
			);
		};
/* End PBXProject section */

/* Begin PBXResourcesBuildPhase section */
		D378FA3B1E02EF0A00E81AE1 /* Resources */ = {
			isa = PBXResourcesBuildPhase;
			buildActionMask = 2147483647;
			files = (
				D378FA4B1E02EF0A00E81AE1 /* LaunchScreen.storyboard in Resources */,
				D378FA481E02EF0A00E81AE1 /* Assets.xcassets in Resources */,
				D378FA781E03B96600E81AE1 /* MainViewController.xib in Resources */,
			);
			runOnlyForDeploymentPostprocessing = 0;
		};
		D378FA4F1E02EF0A00E81AE1 /* Resources */ = {
			isa = PBXResourcesBuildPhase;
			buildActionMask = 2147483647;
			files = (
			);
			runOnlyForDeploymentPostprocessing = 0;
		};
		D378FA5A1E02EF0A00E81AE1 /* Resources */ = {
			isa = PBXResourcesBuildPhase;
			buildActionMask = 2147483647;
			files = (
			);
			runOnlyForDeploymentPostprocessing = 0;
		};
/* End PBXResourcesBuildPhase section */

/* Begin PBXShellScriptBuildPhase section */
		060FE0AC7892D2293407DD15 /* [CP] Embed Pods Frameworks */ = {
			isa = PBXShellScriptBuildPhase;
			buildActionMask = 2147483647;
			files = (
			);
			inputPaths = (
			);
			name = "[CP] Embed Pods Frameworks";
			outputPaths = (
			);
			runOnlyForDeploymentPostprocessing = 0;
			shellPath = /bin/sh;
			shellScript = "\"${SRCROOT}/Pods/Target Support Files/Pods-IPCanaryTests/Pods-IPCanaryTests-frameworks.sh\"\n";
			showEnvVarsInLog = 0;
		};
		062E854DE733B0E3AE139E9D /* [CP] Check Pods Manifest.lock */ = {
			isa = PBXShellScriptBuildPhase;
			buildActionMask = 2147483647;
			files = (
			);
			inputPaths = (
			);
			name = "[CP] Check Pods Manifest.lock";
			outputPaths = (
			);
			runOnlyForDeploymentPostprocessing = 0;
			shellPath = /bin/sh;
			shellScript = "diff \"${PODS_ROOT}/../Podfile.lock\" \"${PODS_ROOT}/Manifest.lock\" > /dev/null\nif [ $? != 0 ] ; then\n    # print error to STDERR\n    echo \"error: The sandbox is not in sync with the Podfile.lock. Run 'pod install' or update your CocoaPods installation.\" >&2\n    exit 1\nfi\n";
			showEnvVarsInLog = 0;
		};
		0CF68EBF63A858A31199BD15 /* [CP] Embed Pods Frameworks */ = {
			isa = PBXShellScriptBuildPhase;
			buildActionMask = 2147483647;
			files = (
			);
			inputPaths = (
			);
			name = "[CP] Embed Pods Frameworks";
			outputPaths = (
			);
			runOnlyForDeploymentPostprocessing = 0;
			shellPath = /bin/sh;
			shellScript = "\"${SRCROOT}/Pods/Target Support Files/Pods-IPCanaryUITests/Pods-IPCanaryUITests-frameworks.sh\"\n";
			showEnvVarsInLog = 0;
		};
		201888BCFF8DF01E97042707 /* [CP] Embed Pods Frameworks */ = {
			isa = PBXShellScriptBuildPhase;
			buildActionMask = 2147483647;
			files = (
			);
			inputPaths = (
			);
			name = "[CP] Embed Pods Frameworks";
			outputPaths = (
			);
			runOnlyForDeploymentPostprocessing = 0;
			shellPath = /bin/sh;
			shellScript = "\"${SRCROOT}/Pods/Target Support Files/Pods-IPCanary/Pods-IPCanary-frameworks.sh\"\n";
			showEnvVarsInLog = 0;
		};
		35DD2A533731A2A3E8F4874E /* [CP] Check Pods Manifest.lock */ = {
			isa = PBXShellScriptBuildPhase;
			buildActionMask = 2147483647;
			files = (
			);
			inputPaths = (
			);
			name = "[CP] Check Pods Manifest.lock";
			outputPaths = (
			);
			runOnlyForDeploymentPostprocessing = 0;
			shellPath = /bin/sh;
			shellScript = "diff \"${PODS_ROOT}/../Podfile.lock\" \"${PODS_ROOT}/Manifest.lock\" > /dev/null\nif [ $? != 0 ] ; then\n    # print error to STDERR\n    echo \"error: The sandbox is not in sync with the Podfile.lock. Run 'pod install' or update your CocoaPods installation.\" >&2\n    exit 1\nfi\n";
			showEnvVarsInLog = 0;
		};
		6AC32EA74190B2DEA36A01A4 /* [CP] Copy Pods Resources */ = {
			isa = PBXShellScriptBuildPhase;
			buildActionMask = 2147483647;
			files = (
			);
			inputPaths = (
			);
			name = "[CP] Copy Pods Resources";
			outputPaths = (
			);
			runOnlyForDeploymentPostprocessing = 0;
			shellPath = /bin/sh;
			shellScript = "\"${SRCROOT}/Pods/Target Support Files/Pods-IPCanaryUITests/Pods-IPCanaryUITests-resources.sh\"\n";
			showEnvVarsInLog = 0;
		};
		7361E01C7CB5179CDB2274BD /* [CP] Copy Pods Resources */ = {
			isa = PBXShellScriptBuildPhase;
			buildActionMask = 2147483647;
			files = (
			);
			inputPaths = (
			);
			name = "[CP] Copy Pods Resources";
			outputPaths = (
			);
			runOnlyForDeploymentPostprocessing = 0;
			shellPath = /bin/sh;
			shellScript = "\"${SRCROOT}/Pods/Target Support Files/Pods-IPCanaryTests/Pods-IPCanaryTests-resources.sh\"\n";
			showEnvVarsInLog = 0;
		};
		ADFB77D5E7CD602256AE3AFE /* [CP] Copy Pods Resources */ = {
			isa = PBXShellScriptBuildPhase;
			buildActionMask = 2147483647;
			files = (
			);
			inputPaths = (
			);
			name = "[CP] Copy Pods Resources";
			outputPaths = (
			);
			runOnlyForDeploymentPostprocessing = 0;
			shellPath = /bin/sh;
			shellScript = "\"${SRCROOT}/Pods/Target Support Files/Pods-IPCanary/Pods-IPCanary-resources.sh\"\n";
			showEnvVarsInLog = 0;
		};
		E4F7D75A6DB470D6AAC08AB3 /* [CP] Check Pods Manifest.lock */ = {
			isa = PBXShellScriptBuildPhase;
			buildActionMask = 2147483647;
			files = (
			);
			inputPaths = (
			);
			name = "[CP] Check Pods Manifest.lock";
			outputPaths = (
			);
			runOnlyForDeploymentPostprocessing = 0;
			shellPath = /bin/sh;
			shellScript = "diff \"${PODS_ROOT}/../Podfile.lock\" \"${PODS_ROOT}/Manifest.lock\" > /dev/null\nif [ $? != 0 ] ; then\n    # print error to STDERR\n    echo \"error: The sandbox is not in sync with the Podfile.lock. Run 'pod install' or update your CocoaPods installation.\" >&2\n    exit 1\nfi\n";
			showEnvVarsInLog = 0;
		};
/* End PBXShellScriptBuildPhase section */

/* Begin PBXSourcesBuildPhase section */
		D378FA391E02EF0A00E81AE1 /* Sources */ = {
			isa = PBXSourcesBuildPhase;
			buildActionMask = 2147483647;
			files = (
				D378FA7A1E04448000E81AE1 /* NetworkManager.swift in Sources */,
				D378FA431E02EF0A00E81AE1 /* MainViewController.swift in Sources */,
				D378FA411E02EF0A00E81AE1 /* AppDelegate.swift in Sources */,
				D378FA6F1E0390D400E81AE1 /* MainViewModel.swift in Sources */,
			);
			runOnlyForDeploymentPostprocessing = 0;
		};
		D378FA4D1E02EF0A00E81AE1 /* Sources */ = {
			isa = PBXSourcesBuildPhase;
			buildActionMask = 2147483647;
			files = (
				D378FA561E02EF0A00E81AE1 /* IPCanaryTests.swift in Sources */,
			);
			runOnlyForDeploymentPostprocessing = 0;
		};
		D378FA581E02EF0A00E81AE1 /* Sources */ = {
			isa = PBXSourcesBuildPhase;
			buildActionMask = 2147483647;
			files = (
				D378FA611E02EF0A00E81AE1 /* IPCanaryUITests.swift in Sources */,
			);
			runOnlyForDeploymentPostprocessing = 0;
		};
/* End PBXSourcesBuildPhase section */

/* Begin PBXTargetDependency section */
		D378FA531E02EF0A00E81AE1 /* PBXTargetDependency */ = {
			isa = PBXTargetDependency;
			target = D378FA3C1E02EF0A00E81AE1 /* IPCanary */;
			targetProxy = D378FA521E02EF0A00E81AE1 /* PBXContainerItemProxy */;
		};
		D378FA5E1E02EF0A00E81AE1 /* PBXTargetDependency */ = {
			isa = PBXTargetDependency;
			target = D378FA3C1E02EF0A00E81AE1 /* IPCanary */;
			targetProxy = D378FA5D1E02EF0A00E81AE1 /* PBXContainerItemProxy */;
		};
/* End PBXTargetDependency section */

/* Begin PBXVariantGroup section */
		D378FA491E02EF0A00E81AE1 /* LaunchScreen.storyboard */ = {
			isa = PBXVariantGroup;
			children = (
				D378FA4A1E02EF0A00E81AE1 /* Base */,
			);
			name = LaunchScreen.storyboard;
			sourceTree = "<group>";
		};
/* End PBXVariantGroup section */

/* Begin XCBuildConfiguration section */
		D378FA631E02EF0A00E81AE1 /* Debug */ = {
			isa = XCBuildConfiguration;
			buildSettings = {
				ALWAYS_SEARCH_USER_PATHS = NO;
				CLANG_ANALYZER_NONNULL = YES;
				CLANG_CXX_LANGUAGE_STANDARD = "gnu++0x";
				CLANG_CXX_LIBRARY = "libc++";
				CLANG_ENABLE_MODULES = YES;
				CLANG_ENABLE_OBJC_ARC = YES;
				CLANG_WARN_BOOL_CONVERSION = YES;
				CLANG_WARN_CONSTANT_CONVERSION = YES;
				CLANG_WARN_DIRECT_OBJC_ISA_USAGE = YES_ERROR;
				CLANG_WARN_DOCUMENTATION_COMMENTS = YES;
				CLANG_WARN_EMPTY_BODY = YES;
				CLANG_WARN_ENUM_CONVERSION = YES;
				CLANG_WARN_INFINITE_RECURSION = YES;
				CLANG_WARN_INT_CONVERSION = YES;
				CLANG_WARN_OBJC_ROOT_CLASS = YES_ERROR;
				CLANG_WARN_SUSPICIOUS_MOVE = YES;
				CLANG_WARN_UNREACHABLE_CODE = YES;
				CLANG_WARN__DUPLICATE_METHOD_MATCH = YES;
				"CODE_SIGN_IDENTITY[sdk=iphoneos*]" = "iPhone Developer";
				COPY_PHASE_STRIP = NO;
				DEBUG_INFORMATION_FORMAT = dwarf;
				ENABLE_STRICT_OBJC_MSGSEND = YES;
				ENABLE_TESTABILITY = YES;
				GCC_C_LANGUAGE_STANDARD = gnu99;
				GCC_DYNAMIC_NO_PIC = NO;
				GCC_NO_COMMON_BLOCKS = YES;
				GCC_OPTIMIZATION_LEVEL = 0;
				GCC_PREPROCESSOR_DEFINITIONS = (
					"DEBUG=1",
					"$(inherited)",
				);
				GCC_WARN_64_TO_32_BIT_CONVERSION = YES;
				GCC_WARN_ABOUT_RETURN_TYPE = YES_ERROR;
				GCC_WARN_UNDECLARED_SELECTOR = YES;
				GCC_WARN_UNINITIALIZED_AUTOS = YES_AGGRESSIVE;
				GCC_WARN_UNUSED_FUNCTION = YES;
				GCC_WARN_UNUSED_VARIABLE = YES;
				IPHONEOS_DEPLOYMENT_TARGET = 10.0;
				MTL_ENABLE_DEBUG_INFO = YES;
				ONLY_ACTIVE_ARCH = YES;
				SDKROOT = iphoneos;
				SWIFT_ACTIVE_COMPILATION_CONDITIONS = DEBUG;
				SWIFT_OPTIMIZATION_LEVEL = "-Onone";
			};
			name = Debug;
		};
		D378FA641E02EF0A00E81AE1 /* Release */ = {
			isa = XCBuildConfiguration;
			buildSettings = {
				ALWAYS_SEARCH_USER_PATHS = NO;
				CLANG_ANALYZER_NONNULL = YES;
				CLANG_CXX_LANGUAGE_STANDARD = "gnu++0x";
				CLANG_CXX_LIBRARY = "libc++";
				CLANG_ENABLE_MODULES = YES;
				CLANG_ENABLE_OBJC_ARC = YES;
				CLANG_WARN_BOOL_CONVERSION = YES;
				CLANG_WARN_CONSTANT_CONVERSION = YES;
				CLANG_WARN_DIRECT_OBJC_ISA_USAGE = YES_ERROR;
				CLANG_WARN_DOCUMENTATION_COMMENTS = YES;
				CLANG_WARN_EMPTY_BODY = YES;
				CLANG_WARN_ENUM_CONVERSION = YES;
				CLANG_WARN_INFINITE_RECURSION = YES;
				CLANG_WARN_INT_CONVERSION = YES;
				CLANG_WARN_OBJC_ROOT_CLASS = YES_ERROR;
				CLANG_WARN_SUSPICIOUS_MOVE = YES;
				CLANG_WARN_UNREACHABLE_CODE = YES;
				CLANG_WARN__DUPLICATE_METHOD_MATCH = YES;
				"CODE_SIGN_IDENTITY[sdk=iphoneos*]" = "iPhone Developer";
				COPY_PHASE_STRIP = NO;
				DEBUG_INFORMATION_FORMAT = "dwarf-with-dsym";
				ENABLE_NS_ASSERTIONS = NO;
				ENABLE_STRICT_OBJC_MSGSEND = YES;
				GCC_C_LANGUAGE_STANDARD = gnu99;
				GCC_NO_COMMON_BLOCKS = YES;
				GCC_WARN_64_TO_32_BIT_CONVERSION = YES;
				GCC_WARN_ABOUT_RETURN_TYPE = YES_ERROR;
				GCC_WARN_UNDECLARED_SELECTOR = YES;
				GCC_WARN_UNINITIALIZED_AUTOS = YES_AGGRESSIVE;
				GCC_WARN_UNUSED_FUNCTION = YES;
				GCC_WARN_UNUSED_VARIABLE = YES;
				IPHONEOS_DEPLOYMENT_TARGET = 10.0;
				MTL_ENABLE_DEBUG_INFO = NO;
				SDKROOT = iphoneos;
				SWIFT_OPTIMIZATION_LEVEL = "-Owholemodule";
				VALIDATE_PRODUCT = YES;
			};
			name = Release;
		};
		D378FA661E02EF0A00E81AE1 /* Debug */ = {
			isa = XCBuildConfiguration;
			baseConfigurationReference = 7B69E078CF90251DA8277DF7 /* Pods-IPCanary.debug.xcconfig */;
			buildSettings = {
				ASSETCATALOG_COMPILER_APPICON_NAME = AppIcon;
				DEVELOPMENT_TEAM = L2KLWCGU85;
				INFOPLIST_FILE = IPCanary/Info.plist;
				LD_RUNPATH_SEARCH_PATHS = "$(inherited) @executable_path/Frameworks";
				OTHER_SWIFT_FLAGS = "$(inherited)";
				PRODUCT_BUNDLE_IDENTIFIER = SBSoftware.IPCanary;
				PRODUCT_NAME = "$(TARGET_NAME)";
				SWIFT_VERSION = 3.0;
			};
			name = Debug;
		};
		D378FA671E02EF0A00E81AE1 /* Release */ = {
			isa = XCBuildConfiguration;
			baseConfigurationReference = 7FEF1E7F51BF5385E7890345 /* Pods-IPCanary.release.xcconfig */;
			buildSettings = {
				ASSETCATALOG_COMPILER_APPICON_NAME = AppIcon;
				DEVELOPMENT_TEAM = L2KLWCGU85;
				INFOPLIST_FILE = IPCanary/Info.plist;
				LD_RUNPATH_SEARCH_PATHS = "$(inherited) @executable_path/Frameworks";
				OTHER_SWIFT_FLAGS = "$(inherited)";
				PRODUCT_BUNDLE_IDENTIFIER = SBSoftware.IPCanary;
				PRODUCT_NAME = "$(TARGET_NAME)";
				SWIFT_VERSION = 3.0;
			};
			name = Release;
		};
		D378FA691E02EF0A00E81AE1 /* Debug */ = {
			isa = XCBuildConfiguration;
			baseConfigurationReference = 3D7BFF027F51B4E801B28AEE /* Pods-IPCanaryTests.debug.xcconfig */;
			buildSettings = {
				ALWAYS_EMBED_SWIFT_STANDARD_LIBRARIES = YES;
				BUNDLE_LOADER = "$(TEST_HOST)";
				DEVELOPMENT_TEAM = L2KLWCGU85;
				INFOPLIST_FILE = IPCanaryTests/Info.plist;
				LD_RUNPATH_SEARCH_PATHS = "$(inherited) @executable_path/Frameworks @loader_path/Frameworks";
				PRODUCT_BUNDLE_IDENTIFIER = SBSoftware.IPCanaryTests;
				PRODUCT_NAME = "$(TARGET_NAME)";
				SWIFT_VERSION = 3.0;
				TEST_HOST = "$(BUILT_PRODUCTS_DIR)/IPCanary.app/IPCanary";
			};
			name = Debug;
		};
		D378FA6A1E02EF0A00E81AE1 /* Release */ = {
			isa = XCBuildConfiguration;
			baseConfigurationReference = 0DAAA4706B075CEC458351D3 /* Pods-IPCanaryTests.release.xcconfig */;
			buildSettings = {
				ALWAYS_EMBED_SWIFT_STANDARD_LIBRARIES = YES;
				BUNDLE_LOADER = "$(TEST_HOST)";
				DEVELOPMENT_TEAM = L2KLWCGU85;
				INFOPLIST_FILE = IPCanaryTests/Info.plist;
				LD_RUNPATH_SEARCH_PATHS = "$(inherited) @executable_path/Frameworks @loader_path/Frameworks";
				PRODUCT_BUNDLE_IDENTIFIER = SBSoftware.IPCanaryTests;
				PRODUCT_NAME = "$(TARGET_NAME)";
				SWIFT_VERSION = 3.0;
				TEST_HOST = "$(BUILT_PRODUCTS_DIR)/IPCanary.app/IPCanary";
			};
			name = Release;
		};
		D378FA6C1E02EF0A00E81AE1 /* Debug */ = {
			isa = XCBuildConfiguration;
			baseConfigurationReference = A077B7DDA0BE77EE150BD65B /* Pods-IPCanaryUITests.debug.xcconfig */;
			buildSettings = {
				ALWAYS_EMBED_SWIFT_STANDARD_LIBRARIES = YES;
				DEVELOPMENT_TEAM = L2KLWCGU85;
				INFOPLIST_FILE = IPCanaryUITests/Info.plist;
				LD_RUNPATH_SEARCH_PATHS = "$(inherited) @executable_path/Frameworks @loader_path/Frameworks";
				PRODUCT_BUNDLE_IDENTIFIER = SBSoftware.IPCanaryUITests;
				PRODUCT_NAME = "$(TARGET_NAME)";
				SWIFT_VERSION = 3.0;
				TEST_TARGET_NAME = IPCanary;
			};
			name = Debug;
		};
		D378FA6D1E02EF0A00E81AE1 /* Release */ = {
			isa = XCBuildConfiguration;
			baseConfigurationReference = FFF0C2FB40F6FAB7FF0A813D /* Pods-IPCanaryUITests.release.xcconfig */;
			buildSettings = {
				ALWAYS_EMBED_SWIFT_STANDARD_LIBRARIES = YES;
				DEVELOPMENT_TEAM = L2KLWCGU85;
				INFOPLIST_FILE = IPCanaryUITests/Info.plist;
				LD_RUNPATH_SEARCH_PATHS = "$(inherited) @executable_path/Frameworks @loader_path/Frameworks";
				PRODUCT_BUNDLE_IDENTIFIER = SBSoftware.IPCanaryUITests;
				PRODUCT_NAME = "$(TARGET_NAME)";
				SWIFT_VERSION = 3.0;
				TEST_TARGET_NAME = IPCanary;
			};
			name = Release;
		};
/* End XCBuildConfiguration section */

/* Begin XCConfigurationList section */
		D378FA381E02EF0A00E81AE1 /* Build configuration list for PBXProject "IPCanary" */ = {
			isa = XCConfigurationList;
			buildConfigurations = (
				D378FA631E02EF0A00E81AE1 /* Debug */,
				D378FA641E02EF0A00E81AE1 /* Release */,
			);
			defaultConfigurationIsVisible = 0;
			defaultConfigurationName = Release;
		};
		D378FA651E02EF0A00E81AE1 /* Build configuration list for PBXNativeTarget "IPCanary" */ = {
			isa = XCConfigurationList;
			buildConfigurations = (
				D378FA661E02EF0A00E81AE1 /* Debug */,
				D378FA671E02EF0A00E81AE1 /* Release */,
			);
			defaultConfigurationIsVisible = 0;
			defaultConfigurationName = Release;
		};
		D378FA681E02EF0A00E81AE1 /* Build configuration list for PBXNativeTarget "IPCanaryTests" */ = {
			isa = XCConfigurationList;
			buildConfigurations = (
				D378FA691E02EF0A00E81AE1 /* Debug */,
				D378FA6A1E02EF0A00E81AE1 /* Release */,
			);
			defaultConfigurationIsVisible = 0;
			defaultConfigurationName = Release;
		};
		D378FA6B1E02EF0A00E81AE1 /* Build configuration list for PBXNativeTarget "IPCanaryUITests" */ = {
			isa = XCConfigurationList;
			buildConfigurations = (
				D378FA6C1E02EF0A00E81AE1 /* Debug */,
				D378FA6D1E02EF0A00E81AE1 /* Release */,
			);
			defaultConfigurationIsVisible = 0;
			defaultConfigurationName = Release;
		};
/* End XCConfigurationList section */
	};
	rootObject = D378FA351E02EF0A00E81AE1 /* Project object */;
}
